
Microsoft Visual Studio Solution File, Format Version 12.00
# Visual Studio Version 17
VisualStudioVersion = 17.13.35825.156 d17.13
MinimumVisualStudioVersion = 10.0.40219.1
Project("{FAE04EC0-301F-11D3-BF4B-00C04F79EFBC}") = "AppUsageTimer", "AppUsageTimer\AppUsageTimer.csproj", "{7789638C-087D-4A66-BCE1-3CE568E3A4BA}"
EndProject
Global
	GlobalSection(SolutionConfigurationPlatforms) = preSolution
		Debug|Any CPU = Debug|Any CPU
		Release|Any CPU = Release|Any CPU
	EndGlobalSection
	GlobalSection(ProjectConfigurationPlatforms) = postSolution
		{7789638C-087D-4A66-BCE1-3CE568E3A4BA}.Debug|Any CPU.ActiveCfg = Debug|Any CPU
		{7789638C-087D-4A66-BCE1-3CE568E3A4BA}.Debug|Any CPU.Build.0 = Debug|Any CPU
		{7789638C-087D-4A66-BCE1-3CE568E3A4BA}.Release|Any CPU.ActiveCfg = Release|Any CPU
		{7789638C-087D-4A66-BCE1-3CE568E3A4BA}.Release|Any CPU.Build.0 = Release|Any CPU
	EndGlobalSection
	GlobalSection(SolutionProperties) = preSolution
		HideSolutionNode = FALSE
	EndGlobalSection
	GlobalSection(ExtensibilityGlobals) = postSolution
		SolutionGuid = {3356D28A-5280-4549-BF0A-3DAB2CDD4DE5}
	EndGlobalSection
EndGlobal
